
Microsoft Visual Studio Solution File, Format Version 12.00
# Visual Studio 15
VisualStudioVersion = 15.0.28307.1022
MinimumVisualStudioVersion = 10.0.40219.1
Project("{8BC9CEB8-8B4A-11D0-8D11-00A0C91BC942}") = "findcounters", "findcounters\findcounters.vcxproj", "{A0F9FBB7-124F-473A-AD54-FDC8E067CF78}"
EndProject
Global
	GlobalSection(SolutionConfigurationPlatforms) = preSolution
		Debug|x64 = Debug|x64
		Debug|x86 = Debug|x86
		Release|x64 = Release|x64
		Release|x86 = Release|x86
	EndGlobalSection
	GlobalSection(ProjectConfigurationPlatforms) = postSolution
		{A0F9FBB7-124F-473A-AD54-FDC8E067CF78}.Debug|x64.ActiveCfg = Debug|x64
		{A0F9FBB7-124F-473A-AD54-FDC8E067CF78}.Debug|x64.Build.0 = Debug|x64
		{A0F9FBB7-124F-473A-AD54-FDC8E067CF78}.Debug|x86.ActiveCfg = Debug|Win32
		{A0F9FBB7-124F-473A-AD54-FDC8E067CF78}.Debug|x86.Build.0 = Debug|Win32
		{A0F9FBB7-124F-473A-AD54-FDC8E067CF78}.Release|x64.ActiveCfg = Release|x64
		{A0F9FBB7-124F-473A-AD54-FDC8E067CF78}.Release|x64.Build.0 = Release|x64
		{A0F9FBB7-124F-473A-AD54-FDC8E067CF78}.Release|x86.ActiveCfg = Release|Win32
		{A0F9FBB7-124F-473A-AD54-FDC8E067CF78}.Release|x86.Build.0 = Release|Win32
	EndGlobalSection
	GlobalSection(SolutionProperties) = preSolution
		HideSolutionNode = FALSE
	EndGlobalSection
	GlobalSection(ExtensibilityGlobals) = postSolution
		SolutionGuid = {1563117B-BAD6-4897-B6ED-B8AC4BF13659}
	EndGlobalSection
EndGlobal
